
Microsoft Visual Studio Solution File, Format Version 12.00
# Visual Studio 2012
Project("{FAE04EC0-301F-11D3-BF4B-00C04F79EFBC}") = "GameOfLife", "GameOfLife\GameOfLife.csproj", "{6593C537-3286-41B3-846E-65EF65068A63}"
EndProject
Project("{FAE04EC0-301F-11D3-BF4B-00C04F79EFBC}") = "GameOfLife.Tests", "GameOfLife.Tests\GameOfLife.Tests.csproj", "{57A7F8B8-6A7E-4E45-818E-D0C4BA31F499}"
EndProject
Global
	GlobalSection(SolutionConfigurationPlatforms) = preSolution
		Debug|Any CPU = Debug|Any CPU
		Release|Any CPU = Release|Any CPU
	EndGlobalSection
	GlobalSection(ProjectConfigurationPlatforms) = postSolution
		{6593C537-3286-41B3-846E-65EF65068A63}.Debug|Any CPU.ActiveCfg = Debug|Any CPU
		{6593C537-3286-41B3-846E-65EF65068A63}.Debug|Any CPU.Build.0 = Debug|Any CPU
		{6593C537-3286-41B3-846E-65EF65068A63}.Release|Any CPU.ActiveCfg = Release|Any CPU
		{6593C537-3286-41B3-846E-65EF65068A63}.Release|Any CPU.Build.0 = Release|Any CPU
		{57A7F8B8-6A7E-4E45-818E-D0C4BA31F499}.Debug|Any CPU.ActiveCfg = Debug|Any CPU
		{57A7F8B8-6A7E-4E45-818E-D0C4BA31F499}.Debug|Any CPU.Build.0 = Debug|Any CPU
		{57A7F8B8-6A7E-4E45-818E-D0C4BA31F499}.Release|Any CPU.ActiveCfg = Release|Any CPU
		{57A7F8B8-6A7E-4E45-818E-D0C4BA31F499}.Release|Any CPU.Build.0 = Release|Any CPU
	EndGlobalSection
	GlobalSection(SolutionProperties) = preSolution
		HideSolutionNode = FALSE
	EndGlobalSection
EndGlobal
